
Microsoft Visual Studio Solution File, Format Version 12.00
# Visual Studio Version 17
VisualStudioVersion = 17.11.35222.181
MinimumVisualStudioVersion = 10.0.40219.1
Project("{9A19103F-16F7-4668-BE54-9A1E7A4F7556}") = "SWAPI.API", "SWAPI.API\SWAPI.API.csproj", "{C546D73F-BD4E-4AAB-B3EB-074DC4FEB7E0}"
EndProject
Project("{9A19103F-16F7-4668-BE54-9A1E7A4F7556}") = "SWAPI.Core", "SWAPI.Core\SWAPI.Core.csproj", "{D33DED10-509C-4322-A1EF-251F85862E91}"
EndProject
Project("{FAE04EC0-301F-11D3-BF4B-00C04F79EFBC}") = "SWAPI.Infrastructure", "SWAPI.Infrastructure\SWAPI.Infrastructure.csproj", "{90F4D368-7A61-47F9-B05E-3A07C6693BF3}"
EndProject
Global
	GlobalSection(SolutionConfigurationPlatforms) = preSolution
		Debug|Any CPU = Debug|Any CPU
		Release|Any CPU = Release|Any CPU
	EndGlobalSection
	GlobalSection(ProjectConfigurationPlatforms) = postSolution
		{C546D73F-BD4E-4AAB-B3EB-074DC4FEB7E0}.Debug|Any CPU.ActiveCfg = Debug|Any CPU
		{C546D73F-BD4E-4AAB-B3EB-074DC4FEB7E0}.Debug|Any CPU.Build.0 = Debug|Any CPU
		{C546D73F-BD4E-4AAB-B3EB-074DC4FEB7E0}.Release|Any CPU.ActiveCfg = Release|Any CPU
		{C546D73F-BD4E-4AAB-B3EB-074DC4FEB7E0}.Release|Any CPU.Build.0 = Release|Any CPU
		{D33DED10-509C-4322-A1EF-251F85862E91}.Debug|Any CPU.ActiveCfg = Debug|Any CPU
		{D33DED10-509C-4322-A1EF-251F85862E91}.Debug|Any CPU.Build.0 = Debug|Any CPU
		{D33DED10-509C-4322-A1EF-251F85862E91}.Release|Any CPU.ActiveCfg = Release|Any CPU
		{D33DED10-509C-4322-A1EF-251F85862E91}.Release|Any CPU.Build.0 = Release|Any CPU
		{90F4D368-7A61-47F9-B05E-3A07C6693BF3}.Debug|Any CPU.ActiveCfg = Debug|Any CPU
		{90F4D368-7A61-47F9-B05E-3A07C6693BF3}.Debug|Any CPU.Build.0 = Debug|Any CPU
		{90F4D368-7A61-47F9-B05E-3A07C6693BF3}.Release|Any CPU.ActiveCfg = Release|Any CPU
		{90F4D368-7A61-47F9-B05E-3A07C6693BF3}.Release|Any CPU.Build.0 = Release|Any CPU
	EndGlobalSection
	GlobalSection(SolutionProperties) = preSolution
		HideSolutionNode = FALSE
	EndGlobalSection
	GlobalSection(ExtensibilityGlobals) = postSolution
		SolutionGuid = {909D1C3B-E3FB-45A3-A8BF-3F259CFAD1A3}
	EndGlobalSection
EndGlobal
